
Microsoft Visual Studio Solution File, Format Version 12.00
# Visual Studio 15
VisualStudioVersion = 15.0.27428.2037
MinimumVisualStudioVersion = 10.0.40219.1
Project("{FAE04EC0-301F-11D3-BF4B-00C04F79EFBC}") = "LibraryBookSystem", "LibraryBookSystem\LibraryBookSystem.csproj", "{D9754A77-AB66-4BA6-AD46-7BB7F05383FA}"
EndProject
Project("{FAE04EC0-301F-11D3-BF4B-00C04F79EFBC}") = "LibraryBookSystem.Tests", "LibraryBookSystem.Tests\LibraryBookSystem.Tests.csproj", "{8816FE15-5E44-4E72-9AD9-36414565651F}"
EndProject
Global
	GlobalSection(SolutionConfigurationPlatforms) = preSolution
		Debug|Any CPU = Debug|Any CPU
		Release|Any CPU = Release|Any CPU
	EndGlobalSection
	GlobalSection(ProjectConfigurationPlatforms) = postSolution
		{D9754A77-AB66-4BA6-AD46-7BB7F05383FA}.Debug|Any CPU.ActiveCfg = Debug|Any CPU
		{D9754A77-AB66-4BA6-AD46-7BB7F05383FA}.Debug|Any CPU.Build.0 = Debug|Any CPU
		{D9754A77-AB66-4BA6-AD46-7BB7F05383FA}.Release|Any CPU.ActiveCfg = Release|Any CPU
		{D9754A77-AB66-4BA6-AD46-7BB7F05383FA}.Release|Any CPU.Build.0 = Release|Any CPU
		{8816FE15-5E44-4E72-9AD9-36414565651F}.Debug|Any CPU.ActiveCfg = Debug|Any CPU
		{8816FE15-5E44-4E72-9AD9-36414565651F}.Debug|Any CPU.Build.0 = Debug|Any CPU
		{8816FE15-5E44-4E72-9AD9-36414565651F}.Release|Any CPU.ActiveCfg = Release|Any CPU
		{8816FE15-5E44-4E72-9AD9-36414565651F}.Release|Any CPU.Build.0 = Release|Any CPU
	EndGlobalSection
	GlobalSection(SolutionProperties) = preSolution
		HideSolutionNode = FALSE
	EndGlobalSection
	GlobalSection(ExtensibilityGlobals) = postSolution
		SolutionGuid = {293569E1-777D-4C2D-9D0E-3DC1340012CE}
	EndGlobalSection
EndGlobal
